PODS:
  - InterAppCommunication (1.0)

DEPENDENCIES:
  - InterAppCommunication (from `git@github.com:brunokoga/InterAppCommunication.git`)

EXTERNAL SOURCES:
  InterAppCommunication:
    :git: git@github.com:brunokoga/InterAppCommunication.git

SPEC CHECKSUMS:
  InterAppCommunication: 8b5c768edf16414947f4fae4d15a86cc38ddbf8c

COCOAPODS: 0.28.0
