// !$*UTF8*$!
{
	archiveVersion = 1;
	classes = {
	};
	objectVersion = 46;
	objects = {

/* Begin PBXBuildFile section */
		D33EBF64183A3D1900272403 /* BKAppDelegate.m in Sources */ = {isa = PBXBuildFile; fileRef = D33EBF48183A3D1900272403 /* BKAppDelegate.m */; };
		D33EBF66183A3D1900272403 /* BKBreveCore.m in Sources */ = {isa = PBXBuildFile; fileRef = D33EBF4E183A3D1900272403 /* BKBreveCore.m */; };
		D33EBF67183A3D1900272403 /* BKBreveSettings.m in Sources */ = {isa = PBXBuildFile; fileRef = D33EBF50183A3D1900272403 /* BKBreveSettings.m */; };
		D33EBF68183A3D1900272403 /* BKBreveAboutViewController.m in Sources */ = {isa = PBXBuildFile; fileRef = D33EBF53183A3D1900272403 /* BKBreveAboutViewController.m */; };
		D33EBF69183A3D1900272403 /* BKBreveBaseViewController.m in Sources */ = {isa = PBXBuildFile; fileRef = D33EBF55183A3D1900272403 /* BKBreveBaseViewController.m */; };
		D33EBF6A183A3D1900272403 /* BKBreveMainViewController.m in Sources */ = {isa = PBXBuildFile; fileRef = D33EBF57183A3D1900272403 /* BKBreveMainViewController.m */; };
		D33EBF6B183A3D1900272403 /* BKBreveNavigationController.m in Sources */ = {isa = PBXBuildFile; fileRef = D33EBF59183A3D1900272403 /* BKBreveNavigationController.m */; };
		D33EBF6C183A3D1900272403 /* BKBreveSettingsViewController.m in Sources */ = {isa = PBXBuildFile; fileRef = D33EBF5B183A3D1900272403 /* BKBreveSettingsViewController.m */; };
		D33EBF6D183A3D1900272403 /* BKBubsSegmentedControl.m in Sources */ = {isa = PBXBuildFile; fileRef = D33EBF5E183A3D1900272403 /* BKBubsSegmentedControl.m */; };
		D33EBF6F183A3D1900272403 /* Images.xcassets in Resources */ = {isa = PBXBuildFile; fileRef = D33EBF61183A3D1900272403 /* Images.xcassets */; };
		D33EBF70183A3D1900272403 /* main.m in Sources */ = {isa = PBXBuildFile; fileRef = D33EBF62183A3D1900272403 /* main.m */; };
		D33EBF71183A3D1900272403 /* MainStoryboard_iPhone.storyboard in Resources */ = {isa = PBXBuildFile; fileRef = D33EBF63183A3D1900272403 /* MainStoryboard_iPhone.storyboard */; };
		D33EBF7B183A3D5F00272403 /* XCTest.framework in Frameworks */ = {isa = PBXBuildFile; fileRef = D3CF9B521834E33200C7C33F /* XCTest.framework */; };
		D33EBF81183A3D7400272403 /* BKBreveCoreTests.m in Sources */ = {isa = PBXBuildFile; fileRef = D33EBF7D183A3D7400272403 /* BKBreveCoreTests.m */; };
		D37CADA91848CD7C00AE3E91 /* NSString+AccentsAndDiacritics.m in Sources */ = {isa = PBXBuildFile; fileRef = D37CADA81848CD7C00AE3E91 /* NSString+AccentsAndDiacritics.m */; };
		D37CADAD1848E18000AE3E91 /* BKBreveVersionNumber.m in Sources */ = {isa = PBXBuildFile; fileRef = D37CADAC1848E18000AE3E91 /* BKBreveVersionNumber.m */; };
		D38A5E5D183A3EAB00C015F1 /* BreveTests-Info.plist in Resources */ = {isa = PBXBuildFile; fileRef = D38A5E5C183A3EAB00C015F1 /* BreveTests-Info.plist */; };
		D3CF9B3A1834E33200C7C33F /* Foundation.framework in Frameworks */ = {isa = PBXBuildFile; fileRef = D3CF9B391834E33200C7C33F /* Foundation.framework */; };
		D3CF9B3C1834E33200C7C33F /* CoreGraphics.framework in Frameworks */ = {isa = PBXBuildFile; fileRef = D3CF9B3B1834E33200C7C33F /* CoreGraphics.framework */; };
		D3CF9B3E1834E33200C7C33F /* UIKit.framework in Frameworks */ = {isa = PBXBuildFile; fileRef = D3CF9B3D1834E33200C7C33F /* UIKit.framework */; };
		D3CF9B541834E33200C7C33F /* Foundation.framework in Frameworks */ = {isa = PBXBuildFile; fileRef = D3CF9B391834E33200C7C33F /* Foundation.framework */; };
		D3CF9B551834E33200C7C33F /* UIKit.framework in Frameworks */ = {isa = PBXBuildFile; fileRef = D3CF9B3D1834E33200C7C33F /* UIKit.framework */; };
		D3D4B95E184CCB4600F589EB /* BKBreveBasicTheme.m in Sources */ = {isa = PBXBuildFile; fileRef = D3D4B95B184CCB4600F589EB /* BKBreveBasicTheme.m */; };
		D3D4B95F184CCB4600F589EB /* BKThemeManager.m in Sources */ = {isa = PBXBuildFile; fileRef = D3D4B95D184CCB4600F589EB /* BKThemeManager.m */; };
		D3D4B963184CCF3200F589EB /* BKBreveThemes.m in Sources */ = {isa = PBXBuildFile; fileRef = D3D4B962184CCF3200F589EB /* BKBreveThemes.m */; };
		D3D4B966184CD6E000F589EB /* BKBreveDarkTheme.m in Sources */ = {isa = PBXBuildFile; fileRef = D3D4B965184CD6E000F589EB /* BKBreveDarkTheme.m */; };
/* End PBXBuildFile section */

/* Begin PBXContainerItemProxy section */
		D3CF9B561834E33200C7C33F /* PBXContainerItemProxy */ = {
			isa = PBXContainerItemProxy;
			containerPortal = D3CF9B2E1834E33200C7C33F /* Project object */;
			proxyType = 1;
			remoteGlobalIDString = D3CF9B351834E33200C7C33F;
			remoteInfo = iBubs;
		};
/* End PBXContainerItemProxy section */

/* Begin PBXFileReference section */
		D33EBF47183A3D1900272403 /* BKAppDelegate.h */ = {isa = PBXFileReference; fileEncoding = 4; lastKnownFileType = sourcecode.c.h; path = BKAppDelegate.h; sourceTree = "<group>"; };
		D33EBF48183A3D1900272403 /* BKAppDelegate.m */ = {isa = PBXFileReference; fileEncoding = 4; lastKnownFileType = sourcecode.c.objc; path = BKAppDelegate.m; sourceTree = "<group>"; };
		D33EBF49183A3D1900272403 /* Breve-Info.plist */ = {isa = PBXFileReference; fileEncoding = 4; lastKnownFileType = text.plist.xml; path = "Breve-Info.plist"; sourceTree = "<group>"; };
		D33EBF4A183A3D1900272403 /* Breve-Prefix.pch */ = {isa = PBXFileReference; fileEncoding = 4; lastKnownFileType = sourcecode.c.h; path = "Breve-Prefix.pch"; sourceTree = "<group>"; };
		D33EBF4D183A3D1900272403 /* BKBreveCore.h */ = {isa = PBXFileReference; fileEncoding = 4; lastKnownFileType = sourcecode.c.h; path = BKBreveCore.h; sourceTree = "<group>"; };
		D33EBF4E183A3D1900272403 /* BKBreveCore.m */ = {isa = PBXFileReference; fileEncoding = 4; lastKnownFileType = sourcecode.c.objc; path = BKBreveCore.m; sourceTree = "<group>"; };
		D33EBF4F183A3D1900272403 /* BKBreveSettings.h */ = {isa = PBXFileReference; fileEncoding = 4; lastKnownFileType = sourcecode.c.h; path = BKBreveSettings.h; sourceTree = "<group>"; };
		D33EBF50183A3D1900272403 /* BKBreveSettings.m */ = {isa = PBXFileReference; fileEncoding = 4; lastKnownFileType = sourcecode.c.objc; path = BKBreveSettings.m; sourceTree = "<group>"; };
		D33EBF52183A3D1900272403 /* BKBreveAboutViewController.h */ = {isa = PBXFileReference; fileEncoding = 4; lastKnownFileType = sourcecode.c.h; path = BKBreveAboutViewController.h; sourceTree = "<group>"; };
		D33EBF53183A3D1900272403 /* BKBreveAboutViewController.m */ = {isa = PBXFileReference; fileEncoding = 4; lastKnownFileType = sourcecode.c.objc; path = BKBreveAboutViewController.m; sourceTree = "<group>"; };
		D33EBF54183A3D1900272403 /* BKBreveBaseViewController.h */ = {isa = PBXFileReference; fileEncoding = 4; lastKnownFileType = sourcecode.c.h; path = BKBreveBaseViewController.h; sourceTree = "<group>"; };
		D33EBF55183A3D1900272403 /* BKBreveBaseViewController.m */ = {isa = PBXFileReference; fileEncoding = 4; lastKnownFileType = sourcecode.c.objc; path = BKBreveBaseViewController.m; sourceTree = "<group>"; };
		D33EBF56183A3D1900272403 /* BKBreveMainViewController.h */ = {isa = PBXFileReference; fileEncoding = 4; lastKnownFileType = sourcecode.c.h; path = BKBreveMainViewController.h; sourceTree = "<group>"; };
		D33EBF57183A3D1900272403 /* BKBreveMainViewController.m */ = {isa = PBXFileReference; fileEncoding = 4; lastKnownFileType = sourcecode.c.objc; path = BKBreveMainViewController.m; sourceTree = "<group>"; };
		D33EBF58183A3D1900272403 /* BKBreveNavigationController.h */ = {isa = PBXFileReference; fileEncoding = 4; lastKnownFileType = sourcecode.c.h; path = BKBreveNavigationController.h; sourceTree = "<group>"; };
		D33EBF59183A3D1900272403 /* BKBreveNavigationController.m */ = {isa = PBXFileReference; fileEncoding = 4; lastKnownFileType = sourcecode.c.objc; path = BKBreveNavigationController.m; sourceTree = "<group>"; };
		D33EBF5A183A3D1900272403 /* BKBreveSettingsViewController.h */ = {isa = PBXFileReference; fileEncoding = 4; lastKnownFileType = sourcecode.c.h; path = BKBreveSettingsViewController.h; sourceTree = "<group>"; };
		D33EBF5B183A3D1900272403 /* BKBreveSettingsViewController.m */ = {isa = PBXFileReference; fileEncoding = 4; lastKnownFileType = sourcecode.c.objc; path = BKBreveSettingsViewController.m; sourceTree = "<group>"; };
		D33EBF5D183A3D1900272403 /* BKBubsSegmentedControl.h */ = {isa = PBXFileReference; fileEncoding = 4; lastKnownFileType = sourcecode.c.h; path = BKBubsSegmentedControl.h; sourceTree = "<group>"; };
		D33EBF5E183A3D1900272403 /* BKBubsSegmentedControl.m */ = {isa = PBXFileReference; fileEncoding = 4; lastKnownFileType = sourcecode.c.objc; path = BKBubsSegmentedControl.m; sourceTree = "<group>"; };
		D33EBF61183A3D1900272403 /* Images.xcassets */ = {isa = PBXFileReference; lastKnownFileType = folder.assetcatalog; path = Images.xcassets; sourceTree = "<group>"; };
		D33EBF62183A3D1900272403 /* main.m */ = {isa = PBXFileReference; fileEncoding = 4; lastKnownFileType = sourcecode.c.objc; path = main.m; sourceTree = "<group>"; };
		D33EBF63183A3D1900272403 /* MainStoryboard_iPhone.storyboard */ = {isa = PBXFileReference; fileEncoding = 4; lastKnownFileType = file.storyboard; path = MainStoryboard_iPhone.storyboard; sourceTree = "<group>"; };
		D33EBF7D183A3D7400272403 /* BKBreveCoreTests.m */ = {isa = PBXFileReference; fileEncoding = 4; lastKnownFileType = sourcecode.c.objc; path = BKBreveCoreTests.m; sourceTree = "<group>"; };
		D37CADA71848CD7C00AE3E91 /* NSString+AccentsAndDiacritics.h */ = {isa = PBXFileReference; fileEncoding = 4; lastKnownFileType = sourcecode.c.h; name = "NSString+AccentsAndDiacritics.h"; path = "Classes/Categories/NSString+AccentsAndDiacritics.h"; sourceTree = "<group>"; };
		D37CADA81848CD7C00AE3E91 /* NSString+AccentsAndDiacritics.m */ = {isa = PBXFileReference; fileEncoding = 4; lastKnownFileType = sourcecode.c.objc; name = "NSString+AccentsAndDiacritics.m"; path = "Classes/Categories/NSString+AccentsAndDiacritics.m"; sourceTree = "<group>"; };
		D37CADAB1848E18000AE3E91 /* BKBreveVersionNumber.h */ = {isa = PBXFileReference; fileEncoding = 4; lastKnownFileType = sourcecode.c.h; path = BKBreveVersionNumber.h; sourceTree = "<group>"; };
		D37CADAC1848E18000AE3E91 /* BKBreveVersionNumber.m */ = {isa = PBXFileReference; fileEncoding = 4; lastKnownFileType = sourcecode.c.objc; path = BKBreveVersionNumber.m; sourceTree = "<group>"; };
		D38A5E5C183A3EAB00C015F1 /* BreveTests-Info.plist */ = {isa = PBXFileReference; fileEncoding = 4; lastKnownFileType = text.plist.xml; path = "BreveTests-Info.plist"; sourceTree = "<group>"; };
		D3CF9B361834E33200C7C33F /* Breve.app */ = {isa = PBXFileReference; explicitFileType = wrapper.application; includeInIndex = 0; path = Breve.app; sourceTree = BUILT_PRODUCTS_DIR; };
		D3CF9B391834E33200C7C33F /* Foundation.framework */ = {isa = PBXFileReference; lastKnownFileType = wrapper.framework; name = Foundation.framework; path = System/Library/Frameworks/Foundation.framework; sourceTree = SDKROOT; };
		D3CF9B3B1834E33200C7C33F /* CoreGraphics.framework */ = {isa = PBXFileReference; lastKnownFileType = wrapper.framework; name = CoreGraphics.framework; path = System/Library/Frameworks/CoreGraphics.framework; sourceTree = SDKROOT; };
		D3CF9B3D1834E33200C7C33F /* UIKit.framework */ = {isa = PBXFileReference; lastKnownFileType = wrapper.framework; name = UIKit.framework; path = System/Library/Frameworks/UIKit.framework; sourceTree = SDKROOT; };
		D3CF9B511834E33200C7C33F /* BreveTests.xctest */ = {isa = PBXFileReference; explicitFileType = wrapper.cfbundle; includeInIndex = 0; path = BreveTests.xctest; sourceTree = BUILT_PRODUCTS_DIR; };
		D3CF9B521834E33200C7C33F /* XCTest.framework */ = {isa = PBXFileReference; lastKnownFileType = wrapper.framework; name = XCTest.framework; path = Library/Frameworks/XCTest.framework; sourceTree = DEVELOPER_DIR; };
		D3D4B959184CCB0600F589EB /* BKTheme.h */ = {isa = PBXFileReference; fileEncoding = 4; lastKnownFileType = sourcecode.c.h; name = BKTheme.h; path = Theme/BKTheme.h; sourceTree = "<group>"; };
		D3D4B95A184CCB4600F589EB /* BKBreveBasicTheme.h */ = {isa = PBXFileReference; fileEncoding = 4; lastKnownFileType = sourcecode.c.h; name = BKBreveBasicTheme.h; path = Theme/BKBreveBasicTheme.h; sourceTree = "<group>"; };
		D3D4B95B184CCB4600F589EB /* BKBreveBasicTheme.m */ = {isa = PBXFileReference; fileEncoding = 4; lastKnownFileType = sourcecode.c.objc; name = BKBreveBasicTheme.m; path = Theme/BKBreveBasicTheme.m; sourceTree = "<group>"; };
		D3D4B95C184CCB4600F589EB /* BKThemeManager.h */ = {isa = PBXFileReference; fileEncoding = 4; lastKnownFileType = sourcecode.c.h; name = BKThemeManager.h; path = Theme/BKThemeManager.h; sourceTree = "<group>"; };
		D3D4B95D184CCB4600F589EB /* BKThemeManager.m */ = {isa = PBXFileReference; fileEncoding = 4; lastKnownFileType = sourcecode.c.objc; name = BKThemeManager.m; path = Theme/BKThemeManager.m; sourceTree = "<group>"; };
		D3D4B961184CCF3200F589EB /* BKBreveThemes.h */ = {isa = PBXFileReference; fileEncoding = 4; lastKnownFileType = sourcecode.c.h; name = BKBreveThemes.h; path = Theme/BKBreveThemes.h; sourceTree = "<group>"; };
		D3D4B962184CCF3200F589EB /* BKBreveThemes.m */ = {isa = PBXFileReference; fileEncoding = 4; lastKnownFileType = sourcecode.c.objc; name = BKBreveThemes.m; path = Theme/BKBreveThemes.m; sourceTree = "<group>"; };
		D3D4B964184CD6E000F589EB /* BKBreveDarkTheme.h */ = {isa = PBXFileReference; fileEncoding = 4; lastKnownFileType = sourcecode.c.h; name = BKBreveDarkTheme.h; path = Theme/BKBreveDarkTheme.h; sourceTree = "<group>"; };
		D3D4B965184CD6E000F589EB /* BKBreveDarkTheme.m */ = {isa = PBXFileReference; fileEncoding = 4; lastKnownFileType = sourcecode.c.objc; name = BKBreveDarkTheme.m; path = Theme/BKBreveDarkTheme.m; sourceTree = "<group>"; };
/* End PBXFileReference section */

/* Begin PBXFrameworksBuildPhase section */
		D3CF9B331834E33200C7C33F /* Frameworks */ = {
			isa = PBXFrameworksBuildPhase;
			buildActionMask = 2147483647;
			files = (
				D3CF9B3C1834E33200C7C33F /* CoreGraphics.framework in Frameworks */,
				D3CF9B3E1834E33200C7C33F /* UIKit.framework in Frameworks */,
				D3CF9B3A1834E33200C7C33F /* Foundation.framework in Frameworks */,
			);
			runOnlyForDeploymentPostprocessing = 0;
		};
		D3CF9B4E1834E33200C7C33F /* Frameworks */ = {
			isa = PBXFrameworksBuildPhase;
			buildActionMask = 2147483647;
			files = (
				D33EBF7B183A3D5F00272403 /* XCTest.framework in Frameworks */,
				D3CF9B551834E33200C7C33F /* UIKit.framework in Frameworks */,
				D3CF9B541834E33200C7C33F /* Foundation.framework in Frameworks */,
			);
			runOnlyForDeploymentPostprocessing = 0;
		};
/* End PBXFrameworksBuildPhase section */

/* Begin PBXGroup section */
		D33EBF46183A3D1900272403 /* Breve */ = {
			isa = PBXGroup;
			children = (
				D33EBF61183A3D1900272403 /* Images.xcassets */,
				D33EBF4B183A3D1900272403 /* Classes */,
				D344120B183A4B680032CC85 /* Supporting Files */,
				D37CADAA1848D12E00AE3E91 /* Categories */,
			);
			path = Breve;
			sourceTree = "<group>";
		};
		D33EBF4B183A3D1900272403 /* Classes */ = {
			isa = PBXGroup;
			children = (
				D3D4B958184CCA8D00F589EB /* Theme */,
				D33EBF4C183A3D1900272403 /* Core */,
				D33EBF51183A3D1900272403 /* View Controllers */,
				D33EBF5C183A3D1900272403 /* Views */,
			);
			path = Classes;
			sourceTree = "<group>";
		};
		D33EBF4C183A3D1900272403 /* Core */ = {
			isa = PBXGroup;
			children = (
				D33EBF4D183A3D1900272403 /* BKBreveCore.h */,
				D33EBF4E183A3D1900272403 /* BKBreveCore.m */,
				D33EBF4F183A3D1900272403 /* BKBreveSettings.h */,
				D33EBF50183A3D1900272403 /* BKBreveSettings.m */,
				D37CADAB1848E18000AE3E91 /* BKBreveVersionNumber.h */,
				D37CADAC1848E18000AE3E91 /* BKBreveVersionNumber.m */,
			);
			path = Core;
			sourceTree = "<group>";
		};
		D33EBF51183A3D1900272403 /* View Controllers */ = {
			isa = PBXGroup;
			children = (
				D33EBF52183A3D1900272403 /* BKBreveAboutViewController.h */,
				D33EBF53183A3D1900272403 /* BKBreveAboutViewController.m */,
				D33EBF54183A3D1900272403 /* BKBreveBaseViewController.h */,
				D33EBF55183A3D1900272403 /* BKBreveBaseViewController.m */,
				D33EBF56183A3D1900272403 /* BKBreveMainViewController.h */,
				D33EBF57183A3D1900272403 /* BKBreveMainViewController.m */,
				D33EBF58183A3D1900272403 /* BKBreveNavigationController.h */,
				D33EBF59183A3D1900272403 /* BKBreveNavigationController.m */,
				D33EBF5A183A3D1900272403 /* BKBreveSettingsViewController.h */,
				D33EBF5B183A3D1900272403 /* BKBreveSettingsViewController.m */,
			);
			path = "View Controllers";
			sourceTree = "<group>";
		};
		D33EBF5C183A3D1900272403 /* Views */ = {
			isa = PBXGroup;
			children = (
				D33EBF5D183A3D1900272403 /* BKBubsSegmentedControl.h */,
				D33EBF5E183A3D1900272403 /* BKBubsSegmentedControl.m */,
			);
			path = Views;
			sourceTree = "<group>";
		};
		D33EBF7C183A3D7400272403 /* BrevesTests */ = {
			isa = PBXGroup;
			children = (
				D38A5E5C183A3EAB00C015F1 /* BreveTests-Info.plist */,
				D33EBF7D183A3D7400272403 /* BKBreveCoreTests.m */,
			);
			path = BrevesTests;
			sourceTree = "<group>";
		};
		D344120B183A4B680032CC85 /* Supporting Files */ = {
			isa = PBXGroup;
			children = (
				D33EBF47183A3D1900272403 /* BKAppDelegate.h */,
				D33EBF48183A3D1900272403 /* BKAppDelegate.m */,
				D33EBF49183A3D1900272403 /* Breve-Info.plist */,
				D33EBF4A183A3D1900272403 /* Breve-Prefix.pch */,
				D33EBF62183A3D1900272403 /* main.m */,
				D33EBF63183A3D1900272403 /* MainStoryboard_iPhone.storyboard */,
			);
			name = "Supporting Files";
			sourceTree = "<group>";
		};
		D37CADAA1848D12E00AE3E91 /* Categories */ = {
			isa = PBXGroup;
			children = (
				D37CADA71848CD7C00AE3E91 /* NSString+AccentsAndDiacritics.h */,
				D37CADA81848CD7C00AE3E91 /* NSString+AccentsAndDiacritics.m */,
			);
			name = Categories;
			sourceTree = "<group>";
		};
		D3CF9B2D1834E33200C7C33F = {
			isa = PBXGroup;
			children = (
				D33EBF7C183A3D7400272403 /* BrevesTests */,
				D33EBF46183A3D1900272403 /* Breve */,
				D3CF9B381834E33200C7C33F /* Frameworks */,
				D3CF9B371834E33200C7C33F /* Products */,
			);
			sourceTree = "<group>";
		};
		D3CF9B371834E33200C7C33F /* Products */ = {
			isa = PBXGroup;
			children = (
				D3CF9B361834E33200C7C33F /* Breve.app */,
				D3CF9B511834E33200C7C33F /* BreveTests.xctest */,
			);
			name = Products;
			sourceTree = "<group>";
		};
		D3CF9B381834E33200C7C33F /* Frameworks */ = {
			isa = PBXGroup;
			children = (
				D3CF9B391834E33200C7C33F /* Foundation.framework */,
				D3CF9B3B1834E33200C7C33F /* CoreGraphics.framework */,
				D3CF9B3D1834E33200C7C33F /* UIKit.framework */,
				D3CF9B521834E33200C7C33F /* XCTest.framework */,
			);
			name = Frameworks;
			sourceTree = "<group>";
		};
		D3D4B958184CCA8D00F589EB /* Theme */ = {
			isa = PBXGroup;
			children = (
				D3D4B959184CCB0600F589EB /* BKTheme.h */,
				D3D4B95A184CCB4600F589EB /* BKBreveBasicTheme.h */,
				D3D4B95B184CCB4600F589EB /* BKBreveBasicTheme.m */,
				D3D4B964184CD6E000F589EB /* BKBreveDarkTheme.h */,
				D3D4B965184CD6E000F589EB /* BKBreveDarkTheme.m */,
				D3D4B95C184CCB4600F589EB /* BKThemeManager.h */,
				D3D4B95D184CCB4600F589EB /* BKThemeManager.m */,
				D3D4B961184CCF3200F589EB /* BKBreveThemes.h */,
				D3D4B962184CCF3200F589EB /* BKBreveThemes.m */,
			);
			name = Theme;
			sourceTree = "<group>";
		};
/* End PBXGroup section */

/* Begin PBXNativeTarget section */
		D3CF9B351834E33200C7C33F /* Breve */ = {
			isa = PBXNativeTarget;
			buildConfigurationList = D3CF9B621834E33200C7C33F /* Build configuration list for PBXNativeTarget "Breve" */;
			buildPhases = (
				D3CF9B321834E33200C7C33F /* Sources */,
				D3CF9B331834E33200C7C33F /* Frameworks */,
				D3CF9B341834E33200C7C33F /* Resources */,
			);
			buildRules = (
			);
			dependencies = (
			);
			name = Breve;
			productName = iBubs;
			productReference = D3CF9B361834E33200C7C33F /* Breve.app */;
			productType = "com.apple.product-type.application";
		};
		D3CF9B501834E33200C7C33F /* BreveTests */ = {
			isa = PBXNativeTarget;
			buildConfigurationList = D3CF9B651834E33200C7C33F /* Build configuration list for PBXNativeTarget "BreveTests" */;
			buildPhases = (
				D3CF9B4D1834E33200C7C33F /* Sources */,
				D3CF9B4E1834E33200C7C33F /* Frameworks */,
				D3CF9B4F1834E33200C7C33F /* Resources */,
			);
			buildRules = (
			);
			dependencies = (
				D3CF9B571834E33200C7C33F /* PBXTargetDependency */,
			);
			name = BreveTests;
			productName = iBubsTests;
			productReference = D3CF9B511834E33200C7C33F /* BreveTests.xctest */;
			productType = "com.apple.product-type.bundle.unit-test";
		};
/* End PBXNativeTarget section */

/* Begin PBXProject section */
		D3CF9B2E1834E33200C7C33F /* Project object */ = {
			isa = PBXProject;
			attributes = {
				CLASSPREFIX = BK;
				LastUpgradeCheck = 0500;
				ORGANIZATIONNAME = "Bruno Koga";
				TargetAttributes = {
					D3CF9B501834E33200C7C33F = {
						TestTargetID = D3CF9B351834E33200C7C33F;
					};
				};
			};
			buildConfigurationList = D3CF9B311834E33200C7C33F /* Build configuration list for PBXProject "Breve" */;
			compatibilityVersion = "Xcode 3.2";
			developmentRegion = English;
			hasScannedForEncodings = 0;
			knownRegions = (
				en,
			);
			mainGroup = D3CF9B2D1834E33200C7C33F;
			productRefGroup = D3CF9B371834E33200C7C33F /* Products */;
			projectDirPath = "";
			projectRoot = "";
			targets = (
				D3CF9B351834E33200C7C33F /* Breve */,
				D3CF9B501834E33200C7C33F /* BreveTests */,
			);
		};
/* End PBXProject section */

/* Begin PBXResourcesBuildPhase section */
		D3CF9B341834E33200C7C33F /* Resources */ = {
			isa = PBXResourcesBuildPhase;
			buildActionMask = 2147483647;
			files = (
				D33EBF71183A3D1900272403 /* MainStoryboard_iPhone.storyboard in Resources */,
				D33EBF6F183A3D1900272403 /* Images.xcassets in Resources */,
			);
			runOnlyForDeploymentPostprocessing = 0;
		};
		D3CF9B4F1834E33200C7C33F /* Resources */ = {
			isa = PBXResourcesBuildPhase;
			buildActionMask = 2147483647;
			files = (
				D38A5E5D183A3EAB00C015F1 /* BreveTests-Info.plist in Resources */,
			);
			runOnlyForDeploymentPostprocessing = 0;
		};
/* End PBXResourcesBuildPhase section */

/* Begin PBXSourcesBuildPhase section */
		D3CF9B321834E33200C7C33F /* Sources */ = {
			isa = PBXSourcesBuildPhase;
			buildActionMask = 2147483647;
			files = (
				D33EBF69183A3D1900272403 /* BKBreveBaseViewController.m in Sources */,
				D37CADAD1848E18000AE3E91 /* BKBreveVersionNumber.m in Sources */,
				D37CADA91848CD7C00AE3E91 /* NSString+AccentsAndDiacritics.m in Sources */,
				D3D4B966184CD6E000F589EB /* BKBreveDarkTheme.m in Sources */,
				D33EBF6D183A3D1900272403 /* BKBubsSegmentedControl.m in Sources */,
				D33EBF64183A3D1900272403 /* BKAppDelegate.m in Sources */,
				D33EBF6B183A3D1900272403 /* BKBreveNavigationController.m in Sources */,
				D3D4B95E184CCB4600F589EB /* BKBreveBasicTheme.m in Sources */,
				D33EBF68183A3D1900272403 /* BKBreveAboutViewController.m in Sources */,
				D33EBF70183A3D1900272403 /* main.m in Sources */,
				D3D4B963184CCF3200F589EB /* BKBreveThemes.m in Sources */,
				D33EBF6A183A3D1900272403 /* BKBreveMainViewController.m in Sources */,
				D3D4B95F184CCB4600F589EB /* BKThemeManager.m in Sources */,
				D33EBF66183A3D1900272403 /* BKBreveCore.m in Sources */,
				D33EBF67183A3D1900272403 /* BKBreveSettings.m in Sources */,
				D33EBF6C183A3D1900272403 /* BKBreveSettingsViewController.m in Sources */,
			);
			runOnlyForDeploymentPostprocessing = 0;
		};
		D3CF9B4D1834E33200C7C33F /* Sources */ = {
			isa = PBXSourcesBuildPhase;
			buildActionMask = 2147483647;
			files = (
				D33EBF81183A3D7400272403 /* BKBreveCoreTests.m in Sources */,
			);
			runOnlyForDeploymentPostprocessing = 0;
		};
/* End PBXSourcesBuildPhase section */

/* Begin PBXTargetDependency section */
		D3CF9B571834E33200C7C33F /* PBXTargetDependency */ = {
			isa = PBXTargetDependency;
			target = D3CF9B351834E33200C7C33F /* Breve */;
			targetProxy = D3CF9B561834E33200C7C33F /* PBXContainerItemProxy */;
		};
/* End PBXTargetDependency section */

/* Begin XCBuildConfiguration section */
		D37CADAE1848EAA100AE3E91 /* Beta */ = {
			isa = XCBuildConfiguration;
			buildSettings = {
				ALWAYS_SEARCH_USER_PATHS = NO;
				ARCHS = "$(ARCHS_STANDARD_INCLUDING_64_BIT)";
				CLANG_CXX_LANGUAGE_STANDARD = "gnu++0x";
				CLANG_CXX_LIBRARY = "libc++";
				CLANG_ENABLE_MODULES = YES;
				CLANG_ENABLE_OBJC_ARC = YES;
				CLANG_WARN_BOOL_CONVERSION = YES;
				CLANG_WARN_CONSTANT_CONVERSION = YES;
				CLANG_WARN_DIRECT_OBJC_ISA_USAGE = YES_ERROR;
				CLANG_WARN_EMPTY_BODY = YES;
				CLANG_WARN_ENUM_CONVERSION = YES;
				CLANG_WARN_INT_CONVERSION = YES;
				CLANG_WARN_OBJC_ROOT_CLASS = YES_ERROR;
				CLANG_WARN__DUPLICATE_METHOD_MATCH = YES;
				CODE_SIGN_IDENTITY = "iPhone Distribution: Bruno Teixeira (MQX8CF4EJ8)";
				"CODE_SIGN_IDENTITY[sdk=iphoneos*]" = "iPhone Distribution: Bruno Teixeira (MQX8CF4EJ8)";
				COPY_PHASE_STRIP = YES;
				ENABLE_NS_ASSERTIONS = NO;
				GCC_C_LANGUAGE_STANDARD = gnu99;
				GCC_PREPROCESSOR_DEFINITIONS = "BETA=1";
				GCC_WARN_64_TO_32_BIT_CONVERSION = YES;
				GCC_WARN_ABOUT_RETURN_TYPE = YES_ERROR;
				GCC_WARN_UNDECLARED_SELECTOR = YES;
				GCC_WARN_UNINITIALIZED_AUTOS = YES;
				GCC_WARN_UNUSED_FUNCTION = YES;
				GCC_WARN_UNUSED_VARIABLE = YES;
				IPHONEOS_DEPLOYMENT_TARGET = 7.0;
				SDKROOT = iphoneos;
				VALIDATE_PRODUCT = YES;
			};
			name = Beta;
		};
		D37CADAF1848EAA100AE3E91 /* Beta */ = {
			isa = XCBuildConfiguration;
			buildSettings = {
				ASSETCATALOG_COMPILER_APPICON_NAME = AppIcon;
				ASSETCATALOG_COMPILER_LAUNCHIMAGE_NAME = LaunchImage;
				CODE_SIGN_IDENTITY = "iPhone Distribution: Bruno Teixeira (MQX8CF4EJ8)";
				GCC_PRECOMPILE_PREFIX_HEADER = YES;
				GCC_PREFIX_HEADER = "Breve/Breve-Prefix.pch";
				INFOPLIST_FILE = "Breve/Breve-Info.plist";
				PRODUCT_NAME = Breve;
				PROVISIONING_PROFILE = "E5034930-E928-46BB-8197-6D8A0621D0E5";
				WRAPPER_EXTENSION = app;
			};
			name = Beta;
		};
		D37CADB01848EAA100AE3E91 /* Beta */ = {
			isa = XCBuildConfiguration;
			buildSettings = {
				ARCHS = "$(ARCHS_STANDARD_INCLUDING_64_BIT)";
				BUNDLE_LOADER = "$(BUILT_PRODUCTS_DIR)/Breve.app/Breve";
				FRAMEWORK_SEARCH_PATHS = (
					"$(SDKROOT)/Developer/Library/Frameworks",
					"$(inherited)",
					"$(DEVELOPER_FRAMEWORKS_DIR)",
				);
				GCC_PRECOMPILE_PREFIX_HEADER = YES;
				GCC_PREFIX_HEADER = "Breve/Breve-Prefix.pch";
				INFOPLIST_FILE = "";
				PRODUCT_NAME = BreveTests;
				TEST_HOST = "$(BUNDLE_LOADER)";
				WRAPPER_EXTENSION = xctest;
			};
			name = Beta;
		};
		D3CF9B601834E33200C7C33F /* Debug */ = {
			isa = XCBuildConfiguration;
			buildSettings = {
				ALWAYS_SEARCH_USER_PATHS = NO;
				ARCHS = "$(ARCHS_STANDARD_INCLUDING_64_BIT)";
				CLANG_CXX_LANGUAGE_STANDARD = "gnu++0x";
				CLANG_CXX_LIBRARY = "libc++";
				CLANG_ENABLE_MODULES = YES;
				CLANG_ENABLE_OBJC_ARC = YES;
				CLANG_WARN_BOOL_CONVERSION = YES;
				CLANG_WARN_CONSTANT_CONVERSION = YES;
				CLANG_WARN_DIRECT_OBJC_ISA_USAGE = YES_ERROR;
				CLANG_WARN_EMPTY_BODY = YES;
				CLANG_WARN_ENUM_CONVERSION = YES;
				CLANG_WARN_INT_CONVERSION = YES;
				CLANG_WARN_OBJC_ROOT_CLASS = YES_ERROR;
				CLANG_WARN__DUPLICATE_METHOD_MATCH = YES;
				CODE_SIGN_IDENTITY = "iPhone Developer: Bruno Koga (KBZ3847T3E)";
				"CODE_SIGN_IDENTITY[sdk=iphoneos*]" = "iPhone Developer: Bruno Koga (KBZ3847T3E)";
				COPY_PHASE_STRIP = NO;
				GCC_C_LANGUAGE_STANDARD = gnu99;
				GCC_DYNAMIC_NO_PIC = NO;
				GCC_OPTIMIZATION_LEVEL = 0;
				GCC_PREPROCESSOR_DEFINITIONS = (
					"DEBUG=1",
					"$(inherited)",
				);
				GCC_SYMBOLS_PRIVATE_EXTERN = NO;
				GCC_WARN_64_TO_32_BIT_CONVERSION = YES;
				GCC_WARN_ABOUT_RETURN_TYPE = YES_ERROR;
				GCC_WARN_UNDECLARED_SELECTOR = YES;
				GCC_WARN_UNINITIALIZED_AUTOS = YES;
				GCC_WARN_UNUSED_FUNCTION = YES;
				GCC_WARN_UNUSED_VARIABLE = YES;
				IPHONEOS_DEPLOYMENT_TARGET = 7.0;
				ONLY_ACTIVE_ARCH = YES;
				SDKROOT = iphoneos;
			};
			name = Debug;
		};
		D3CF9B611834E33200C7C33F /* Release */ = {
			isa = XCBuildConfiguration;
			buildSettings = {
				ALWAYS_SEARCH_USER_PATHS = NO;
				ARCHS = "$(ARCHS_STANDARD_INCLUDING_64_BIT)";
				CLANG_CXX_LANGUAGE_STANDARD = "gnu++0x";
				CLANG_CXX_LIBRARY = "libc++";
				CLANG_ENABLE_MODULES = YES;
				CLANG_ENABLE_OBJC_ARC = YES;
				CLANG_WARN_BOOL_CONVERSION = YES;
				CLANG_WARN_CONSTANT_CONVERSION = YES;
				CLANG_WARN_DIRECT_OBJC_ISA_USAGE = YES_ERROR;
				CLANG_WARN_EMPTY_BODY = YES;
				CLANG_WARN_ENUM_CONVERSION = YES;
				CLANG_WARN_INT_CONVERSION = YES;
				CLANG_WARN_OBJC_ROOT_CLASS = YES_ERROR;
				CLANG_WARN__DUPLICATE_METHOD_MATCH = YES;
				CODE_SIGN_IDENTITY = "iPhone Distribution: Bruno Teixeira (MQX8CF4EJ8)";
				"CODE_SIGN_IDENTITY[sdk=iphoneos*]" = "iPhone Distribution: Bruno Teixeira (MQX8CF4EJ8)";
				COPY_PHASE_STRIP = YES;
				ENABLE_NS_ASSERTIONS = NO;
				GCC_C_LANGUAGE_STANDARD = gnu99;
				GCC_WARN_64_TO_32_BIT_CONVERSION = YES;
				GCC_WARN_ABOUT_RETURN_TYPE = YES_ERROR;
				GCC_WARN_UNDECLARED_SELECTOR = YES;
				GCC_WARN_UNINITIALIZED_AUTOS = YES;
				GCC_WARN_UNUSED_FUNCTION = YES;
				GCC_WARN_UNUSED_VARIABLE = YES;
				IPHONEOS_DEPLOYMENT_TARGET = 7.0;
				SDKROOT = iphoneos;
				VALIDATE_PRODUCT = YES;
			};
			name = Release;
		};
		D3CF9B631834E33200C7C33F /* Debug */ = {
			isa = XCBuildConfiguration;
			buildSettings = {
				ASSETCATALOG_COMPILER_APPICON_NAME = AppIcon;
				ASSETCATALOG_COMPILER_LAUNCHIMAGE_NAME = LaunchImage;
				CODE_SIGN_IDENTITY = "iPhone Developer: Bruno Koga (KBZ3847T3E)";
				"CODE_SIGN_IDENTITY[sdk=iphoneos*]" = "iPhone Developer: Bruno Koga (KBZ3847T3E)";
				GCC_PRECOMPILE_PREFIX_HEADER = YES;
				GCC_PREFIX_HEADER = "Breve/Breve-Prefix.pch";
				INFOPLIST_FILE = "Breve/Breve-Info.plist";
				PRODUCT_NAME = Breve;
				PROVISIONING_PROFILE = "D1014749-78DB-4EE7-AE4B-F276276FC9BC";
				WRAPPER_EXTENSION = app;
			};
			name = Debug;
		};
		D3CF9B641834E33200C7C33F /* Release */ = {
			isa = XCBuildConfiguration;
			buildSettings = {
				ASSETCATALOG_COMPILER_APPICON_NAME = AppIcon;
				ASSETCATALOG_COMPILER_LAUNCHIMAGE_NAME = LaunchImage;
				CODE_SIGN_IDENTITY = "iPhone Distribution: Bruno Teixeira (MQX8CF4EJ8)";
				GCC_PRECOMPILE_PREFIX_HEADER = YES;
				GCC_PREFIX_HEADER = "Breve/Breve-Prefix.pch";
				INFOPLIST_FILE = "Breve/Breve-Info.plist";
				PRODUCT_NAME = Breve;
				PROVISIONING_PROFILE = "4EFDC024-0B18-4DD3-BC64-EA5319FBC8A4";
				WRAPPER_EXTENSION = app;
			};
			name = Release;
		};
		D3CF9B661834E33200C7C33F /* Debug */ = {
			isa = XCBuildConfiguration;
			buildSettings = {
				ARCHS = "$(ARCHS_STANDARD_INCLUDING_64_BIT)";
				BUNDLE_LOADER = "$(BUILT_PRODUCTS_DIR)/Breve.app/Breve";
				FRAMEWORK_SEARCH_PATHS = (
					"$(SDKROOT)/Developer/Library/Frameworks",
					"$(inherited)",
					"$(DEVELOPER_FRAMEWORKS_DIR)",
				);
				GCC_PRECOMPILE_PREFIX_HEADER = YES;
				GCC_PREFIX_HEADER = "Breve/Breve-Prefix.pch";
				GCC_PREPROCESSOR_DEFINITIONS = (
					"DEBUG=1",
					"$(inherited)",
				);
				INFOPLIST_FILE = "";
				PRODUCT_NAME = BreveTests;
				TEST_HOST = "$(BUNDLE_LOADER)";
				WRAPPER_EXTENSION = xctest;
			};
			name = Debug;
		};
		D3CF9B671834E33200C7C33F /* Release */ = {
			isa = XCBuildConfiguration;
			buildSettings = {
				ARCHS = "$(ARCHS_STANDARD_INCLUDING_64_BIT)";
				BUNDLE_LOADER = "$(BUILT_PRODUCTS_DIR)/Breve.app/Breve";
				FRAMEWORK_SEARCH_PATHS = (
					"$(SDKROOT)/Developer/Library/Frameworks",
					"$(inherited)",
					"$(DEVELOPER_FRAMEWORKS_DIR)",
				);
				GCC_PRECOMPILE_PREFIX_HEADER = YES;
				GCC_PREFIX_HEADER = "Breve/Breve-Prefix.pch";
				INFOPLIST_FILE = "";
				PRODUCT_NAME = BreveTests;
				TEST_HOST = "$(BUNDLE_LOADER)";
				WRAPPER_EXTENSION = xctest;
			};
			name = Release;
		};
/* End XCBuildConfiguration section */

/* Begin XCConfigurationList section */
		D3CF9B311834E33200C7C33F /* Build configuration list for PBXProject "Breve" */ = {
			isa = XCConfigurationList;
			buildConfigurations = (
				D3CF9B601834E33200C7C33F /* Debug */,
				D3CF9B611834E33200C7C33F /* Release */,
				D37CADAE1848EAA100AE3E91 /* Beta */,
			);
			defaultConfigurationIsVisible = 0;
			defaultConfigurationName = Release;
		};
		D3CF9B621834E33200C7C33F /* Build configuration list for PBXNativeTarget "Breve" */ = {
			isa = XCConfigurationList;
			buildConfigurations = (
				D3CF9B631834E33200C7C33F /* Debug */,
				D3CF9B641834E33200C7C33F /* Release */,
				D37CADAF1848EAA100AE3E91 /* Beta */,
			);
			defaultConfigurationIsVisible = 0;
			defaultConfigurationName = Release;
		};
		D3CF9B651834E33200C7C33F /* Build configuration list for PBXNativeTarget "BreveTests" */ = {
			isa = XCConfigurationList;
			buildConfigurations = (
				D3CF9B661834E33200C7C33F /* Debug */,
				D3CF9B671834E33200C7C33F /* Release */,
				D37CADB01848EAA100AE3E91 /* Beta */,
			);
			defaultConfigurationIsVisible = 0;
			defaultConfigurationName = Release;
		};
/* End XCConfigurationList section */
	};
	rootObject = D3CF9B2E1834E33200C7C33F /* Project object */;
}
